{
  "name": "js",
  "version": "1.0.0",
  "lockfileVersion": 2,
  "requires": true,
  "packages": {
    "": {
      "name": "js",
      "version": "1.0.0",
      "license": "ISC",
      "devDependencies": {
        "typescript": "4.6.0-dev.20211130"
      }
    },
    "node_modules/typescript": {
      "version": "4.6.0-dev.20211130",
      "resolved": "https://artifactory.tools.devrtb.com:443/artifactory/api/npm/npm-virtual/typescript/-/typescript-4.6.0-dev.20211130.tgz",
      "integrity": "sha1-7iuC8lzYTo6l2KEDBZPuy7ppNZc=",
      "dev": true,
      "license": "Apache-2.0",
      "bin": {
        "tsc": "bin/tsc",
        "tsserver": "bin/tsserver"
      },
      "engines": {
        "node": ">=4.2.0"
      }
    }
  },
  "dependencies": {
    "typescript": {
      "version": "4.6.0-dev.20211130",
      "resolved": "https://artifactory.tools.devrtb.com:443/artifactory/api/npm/npm-virtual/typescript/-/typescript-4.6.0-dev.20211130.tgz",
      "integrity": "sha1-7iuC8lzYTo6l2KEDBZPuy7ppNZc=",
      "dev": true
    }
  }
}
